
Microsoft Visual Studio Solution File, Format Version 12.00
# Visual Studio Version 16
VisualStudioVersion = 16.0.32510.428
MinimumVisualStudioVersion = 10.0.40219.1
Project("{FAE04EC0-301F-11D3-BF4B-00C04F79EFBC}") = "ITP4915M", "ITP4915M\ITP4915M.csproj", "{9BA6C202-2FB9-4026-AB01-F7D5B3C45141}"
EndProject
Global
	GlobalSection(SolutionConfigurationPlatforms) = preSolution
		Debug|Any CPU = Debug|Any CPU
		Release|Any CPU = Release|Any CPU
	EndGlobalSection
	GlobalSection(ProjectConfigurationPlatforms) = postSolution
		{9BA6C202-2FB9-4026-AB01-F7D5B3C45141}.Debug|Any CPU.ActiveCfg = Debug|Any CPU
		{9BA6C202-2FB9-4026-AB01-F7D5B3C45141}.Debug|Any CPU.Build.0 = Debug|Any CPU
		{9BA6C202-2FB9-4026-AB01-F7D5B3C45141}.Release|Any CPU.ActiveCfg = Release|Any CPU
		{9BA6C202-2FB9-4026-AB01-F7D5B3C45141}.Release|Any CPU.Build.0 = Release|Any CPU
	EndGlobalSection
	GlobalSection(SolutionProperties) = preSolution
		HideSolutionNode = FALSE
	EndGlobalSection
	GlobalSection(ExtensibilityGlobals) = postSolution
		SolutionGuid = {B3965F1D-E531-45F1-8E28-E3E779FEDE0B}
	EndGlobalSection
EndGlobal
